
Microsoft Visual Studio Solution File, Format Version 12.00
# Visual Studio Version 16
VisualStudioVersion = 16.0.28803.202
MinimumVisualStudioVersion = 10.0.40219.1
Project("{FAE04EC0-301F-11D3-BF4B-00C04F79EFBC}") = "app.dox.message", "app.dox.message.csproj", "{2010718E-EA58-4C9E-B187-DF05BCB6E946}"
EndProject
Global
	GlobalSection(SolutionConfigurationPlatforms) = preSolution
		Debug|Any CPU = Debug|Any CPU
		Release|Any CPU = Release|Any CPU
	EndGlobalSection
	GlobalSection(ProjectConfigurationPlatforms) = postSolution
		{2010718E-EA58-4C9E-B187-DF05BCB6E946}.Debug|Any CPU.ActiveCfg = Debug|Any CPU
		{2010718E-EA58-4C9E-B187-DF05BCB6E946}.Debug|Any CPU.Build.0 = Debug|Any CPU
		{2010718E-EA58-4C9E-B187-DF05BCB6E946}.Release|Any CPU.ActiveCfg = Release|Any CPU
		{2010718E-EA58-4C9E-B187-DF05BCB6E946}.Release|Any CPU.Build.0 = Release|Any CPU
	EndGlobalSection
	GlobalSection(SolutionProperties) = preSolution
		HideSolutionNode = FALSE
	EndGlobalSection
	GlobalSection(ExtensibilityGlobals) = postSolution
		SolutionGuid = {E674C12A-71A3-4FCC-953E-0A90D507DBAB}
	EndGlobalSection
EndGlobal
